// !$*UTF8*$!
{
	archiveVersion = 1;
	classes = {
	};
	objectVersion = 55;
	objects = {

/* Begin PBXBuildFile section */
		D840AF7A26BA92A10030906A /* AppDelegate.swift in Sources */ = {isa = PBXBuildFile; fileRef = D840AF7926BA92A10030906A /* AppDelegate.swift */; };
		D840AF7C26BA92A10030906A /* SceneDelegate.swift in Sources */ = {isa = PBXBuildFile; fileRef = D840AF7B26BA92A10030906A /* SceneDelegate.swift */; };
		D840AF7E26BA92A10030906A /* ViewController.swift in Sources */ = {isa = PBXBuildFile; fileRef = D840AF7D26BA92A10030906A /* ViewController.swift */; };
		D840AF8126BA92A10030906A /* Main.storyboard in Resources */ = {isa = PBXBuildFile; fileRef = D840AF7F26BA92A10030906A /* Main.storyboard */; };
		D840AF8326BA92A30030906A /* Assets.xcassets in Resources */ = {isa = PBXBuildFile; fileRef = D840AF8226BA92A30030906A /* Assets.xcassets */; };
		D840AF8626BA92A30030906A /* LaunchScreen.storyboard in Resources */ = {isa = PBXBuildFile; fileRef = D840AF8426BA92A30030906A /* LaunchScreen.storyboard */; };
		D840AF8E26BA9D770030906A /* CanvasView.swift in Sources */ = {isa = PBXBuildFile; fileRef = D840AF8D26BA9D770030906A /* CanvasView.swift */; };
		D840AF9326BA9DB60030906A /* Line.swift in Sources */ = {isa = PBXBuildFile; fileRef = D840AF9226BA9DB60030906A /* Line.swift */; };
		D840AF9626BA9E350030906A /* PhotoLibraryManager.swift in Sources */ = {isa = PBXBuildFile; fileRef = D840AF9526BA9E350030906A /* PhotoLibraryManager.swift */; };
/* End PBXBuildFile section */

/* Begin PBXFileReference section */
		D840AF7626BA92A10030906A /* PencilKit.app */ = {isa = PBXFileReference; explicitFileType = wrapper.application; includeInIndex = 0; path = PencilKit.app; sourceTree = BUILT_PRODUCTS_DIR; };
		D840AF7926BA92A10030906A /* AppDelegate.swift */ = {isa = PBXFileReference; lastKnownFileType = sourcecode.swift; path = AppDelegate.swift; sourceTree = "<group>"; };
		D840AF7B26BA92A10030906A /* SceneDelegate.swift */ = {isa = PBXFileReference; lastKnownFileType = sourcecode.swift; path = SceneDelegate.swift; sourceTree = "<group>"; };
		D840AF7D26BA92A10030906A /* ViewController.swift */ = {isa = PBXFileReference; lastKnownFileType = sourcecode.swift; path = ViewController.swift; sourceTree = "<group>"; };
		D840AF8026BA92A10030906A /* Base */ = {isa = PBXFileReference; lastKnownFileType = file.storyboard; name = Base; path = Base.lproj/Main.storyboard; sourceTree = "<group>"; };
		D840AF8226BA92A30030906A /* Assets.xcassets */ = {isa = PBXFileReference; lastKnownFileType = folder.assetcatalog; path = Assets.xcassets; sourceTree = "<group>"; };
		D840AF8526BA92A30030906A /* Base */ = {isa = PBXFileReference; lastKnownFileType = file.storyboard; name = Base; path = Base.lproj/LaunchScreen.storyboard; sourceTree = "<group>"; };
		D840AF8726BA92A30030906A /* Info.plist */ = {isa = PBXFileReference; lastKnownFileType = text.plist.xml; path = Info.plist; sourceTree = "<group>"; };
		D840AF8D26BA9D770030906A /* CanvasView.swift */ = {isa = PBXFileReference; lastKnownFileType = sourcecode.swift; path = CanvasView.swift; sourceTree = "<group>"; };
		D840AF9226BA9DB60030906A /* Line.swift */ = {isa = PBXFileReference; lastKnownFileType = sourcecode.swift; path = Line.swift; sourceTree = "<group>"; };
		D840AF9526BA9E350030906A /* PhotoLibraryManager.swift */ = {isa = PBXFileReference; lastKnownFileType = sourcecode.swift; path = PhotoLibraryManager.swift; sourceTree = "<group>"; };
/* End PBXFileReference section */

/* Begin PBXFrameworksBuildPhase section */
		D840AF7326BA92A10030906A /* Frameworks */ = {
			isa = PBXFrameworksBuildPhase;
			buildActionMask = 2147483647;
			files = (
			);
			runOnlyForDeploymentPostprocessing = 0;
		};
/* End PBXFrameworksBuildPhase section */

/* Begin PBXGroup section */
		D840AF6D26BA92A10030906A = {
			isa = PBXGroup;
			children = (
				D840AF7826BA92A10030906A /* PencilKit */,
				D840AF7726BA92A10030906A /* Products */,
			);
			sourceTree = "<group>";
		};
		D840AF7726BA92A10030906A /* Products */ = {
			isa = PBXGroup;
			children = (
				D840AF7626BA92A10030906A /* PencilKit.app */,
			);
			name = Products;
			sourceTree = "<group>";
		};
		D840AF7826BA92A10030906A /* PencilKit */ = {
			isa = PBXGroup;
			children = (
				D840AF7926BA92A10030906A /* AppDelegate.swift */,
				D840AF7B26BA92A10030906A /* SceneDelegate.swift */,
				D840AF8F26BA9D860030906A /* Controllers */,
				D840AF9026BA9D910030906A /* Model */,
				D840AF9126BA9D9F0030906A /* View */,
				D840AF9426BA9E140030906A /* Manager */,
				D840AF7F26BA92A10030906A /* Main.storyboard */,
				D840AF8226BA92A30030906A /* Assets.xcassets */,
				D840AF8426BA92A30030906A /* LaunchScreen.storyboard */,
				D840AF8726BA92A30030906A /* Info.plist */,
			);
			path = PencilKit;
			sourceTree = "<group>";
		};
		D840AF8F26BA9D860030906A /* Controllers */ = {
			isa = PBXGroup;
			children = (
				D840AF7D26BA92A10030906A /* ViewController.swift */,
			);
			path = Controllers;
			sourceTree = "<group>";
		};
		D840AF9026BA9D910030906A /* Model */ = {
			isa = PBXGroup;
			children = (
				D840AF9226BA9DB60030906A /* Line.swift */,
			);
			path = Model;
			sourceTree = "<group>";
		};
		D840AF9126BA9D9F0030906A /* View */ = {
			isa = PBXGroup;
			children = (
				D840AF8D26BA9D770030906A /* CanvasView.swift */,
			);
			path = View;
			sourceTree = "<group>";
		};
		D840AF9426BA9E140030906A /* Manager */ = {
			isa = PBXGroup;
			children = (
				D840AF9526BA9E350030906A /* PhotoLibraryManager.swift */,
			);
			path = Manager;
			sourceTree = "<group>";
		};
/* End PBXGroup section */

/* Begin PBXNativeTarget section */
		D840AF7526BA92A10030906A /* PencilKit */ = {
			isa = PBXNativeTarget;
			buildConfigurationList = D840AF8A26BA92A30030906A /* Build configuration list for PBXNativeTarget "PencilKit" */;
			buildPhases = (
				D840AF7226BA92A10030906A /* Sources */,
				D840AF7326BA92A10030906A /* Frameworks */,
				D840AF7426BA92A10030906A /* Resources */,
			);
			buildRules = (
			);
			dependencies = (
			);
			name = PencilKit;
			productName = PencilKit;
			productReference = D840AF7626BA92A10030906A /* PencilKit.app */;
			productType = "com.apple.product-type.application";
		};
/* End PBXNativeTarget section */

/* Begin PBXProject section */
		D840AF6E26BA92A10030906A /* Project object */ = {
			isa = PBXProject;
			attributes = {
				BuildIndependentTargetsInParallel = 1;
				LastSwiftUpdateCheck = 1300;
				LastUpgradeCheck = 1300;
				TargetAttributes = {
					D840AF7526BA92A10030906A = {
						CreatedOnToolsVersion = 13.0;
					};
				};
			};
			buildConfigurationList = D840AF7126BA92A10030906A /* Build configuration list for PBXProject "PencilKit" */;
			compatibilityVersion = "Xcode 13.0";
			developmentRegion = en;
			hasScannedForEncodings = 0;
			knownRegions = (
				en,
				Base,
			);
			mainGroup = D840AF6D26BA92A10030906A;
			productRefGroup = D840AF7726BA92A10030906A /* Products */;
			projectDirPath = "";
			projectRoot = "";
			targets = (
				D840AF7526BA92A10030906A /* PencilKit */,
			);
		};
/* End PBXProject section */

/* Begin PBXResourcesBuildPhase section */
		D840AF7426BA92A10030906A /* Resources */ = {
			isa = PBXResourcesBuildPhase;
			buildActionMask = 2147483647;
			files = (
				D840AF8626BA92A30030906A /* LaunchScreen.storyboard in Resources */,
				D840AF8326BA92A30030906A /* Assets.xcassets in Resources */,
				D840AF8126BA92A10030906A /* Main.storyboard in Resources */,
			);
			runOnlyForDeploymentPostprocessing = 0;
		};
/* End PBXResourcesBuildPhase section */

/* Begin PBXSourcesBuildPhase section */
		D840AF7226BA92A10030906A /* Sources */ = {
			isa = PBXSourcesBuildPhase;
			buildActionMask = 2147483647;
			files = (
				D840AF7E26BA92A10030906A /* ViewController.swift in Sources */,
				D840AF7A26BA92A10030906A /* AppDelegate.swift in Sources */,
				D840AF8E26BA9D770030906A /* CanvasView.swift in Sources */,
				D840AF9626BA9E350030906A /* PhotoLibraryManager.swift in Sources */,
				D840AF7C26BA92A10030906A /* SceneDelegate.swift in Sources */,
				D840AF9326BA9DB60030906A /* Line.swift in Sources */,
			);
			runOnlyForDeploymentPostprocessing = 0;
		};
/* End PBXSourcesBuildPhase section */

/* Begin PBXVariantGroup section */
		D840AF7F26BA92A10030906A /* Main.storyboard */ = {
			isa = PBXVariantGroup;
			children = (
				D840AF8026BA92A10030906A /* Base */,
			);
			name = Main.storyboard;
			sourceTree = "<group>";
		};
		D840AF8426BA92A30030906A /* LaunchScreen.storyboard */ = {
			isa = PBXVariantGroup;
			children = (
				D840AF8526BA92A30030906A /* Base */,
			);
			name = LaunchScreen.storyboard;
			sourceTree = "<group>";
		};
/* End PBXVariantGroup section */

/* Begin XCBuildConfiguration section */
		D840AF8826BA92A30030906A /* Debug */ = {
			isa = XCBuildConfiguration;
			buildSettings = {
				ALWAYS_SEARCH_USER_PATHS = NO;
				CLANG_ANALYZER_NONNULL = YES;
				CLANG_ANALYZER_NUMBER_OBJECT_CONVERSION = YES_AGGRESSIVE;
				CLANG_CXX_LANGUAGE_STANDARD = "gnu++17";
				CLANG_CXX_LIBRARY = "libc++";
				CLANG_ENABLE_MODULES = YES;
				CLANG_ENABLE_OBJC_ARC = YES;
				CLANG_ENABLE_OBJC_WEAK = YES;
				CLANG_WARN_BLOCK_CAPTURE_AUTORELEASING = YES;
				CLANG_WARN_BOOL_CONVERSION = YES;
				CLANG_WARN_COMMA = YES;
				CLANG_WARN_CONSTANT_CONVERSION = YES;
				CLANG_WARN_DEPRECATED_OBJC_IMPLEMENTATIONS = YES;
				CLANG_WARN_DIRECT_OBJC_ISA_USAGE = YES_ERROR;
				CLANG_WARN_DOCUMENTATION_COMMENTS = YES;
				CLANG_WARN_EMPTY_BODY = YES;
				CLANG_WARN_ENUM_CONVERSION = YES;
				CLANG_WARN_INFINITE_RECURSION = YES;
				CLANG_WARN_INT_CONVERSION = YES;
				CLANG_WARN_NON_LITERAL_NULL_CONVERSION = YES;
				CLANG_WARN_OBJC_IMPLICIT_RETAIN_SELF = YES;
				CLANG_WARN_OBJC_LITERAL_CONVERSION = YES;
				CLANG_WARN_OBJC_ROOT_CLASS = YES_ERROR;
				CLANG_WARN_QUOTED_INCLUDE_IN_FRAMEWORK_HEADER = YES;
				CLANG_WARN_RANGE_LOOP_ANALYSIS = YES;
				CLANG_WARN_STRICT_PROTOTYPES = YES;
				CLANG_WARN_SUSPICIOUS_MOVE = YES;
				CLANG_WARN_UNGUARDED_AVAILABILITY = YES_AGGRESSIVE;
				CLANG_WARN_UNREACHABLE_CODE = YES;
				CLANG_WARN__DUPLICATE_METHOD_MATCH = YES;
				COPY_PHASE_STRIP = NO;
				DEBUG_INFORMATION_FORMAT = dwarf;
				ENABLE_STRICT_OBJC_MSGSEND = YES;
				ENABLE_TESTABILITY = YES;
				GCC_C_LANGUAGE_STANDARD = gnu11;
				GCC_DYNAMIC_NO_PIC = NO;
				GCC_NO_COMMON_BLOCKS = YES;
				GCC_OPTIMIZATION_LEVEL = 0;
				GCC_PREPROCESSOR_DEFINITIONS = (
					"DEBUG=1",
					"$(inherited)",
				);
				GCC_WARN_64_TO_32_BIT_CONVERSION = YES;
				GCC_WARN_ABOUT_RETURN_TYPE = YES_ERROR;
				GCC_WARN_UNDECLARED_SELECTOR = YES;
				GCC_WARN_UNINITIALIZED_AUTOS = YES_AGGRESSIVE;
				GCC_WARN_UNUSED_FUNCTION = YES;
				GCC_WARN_UNUSED_VARIABLE = YES;
				IPHONEOS_DEPLOYMENT_TARGET = 15.0;
				MTL_ENABLE_DEBUG_INFO = INCLUDE_SOURCE;
				MTL_FAST_MATH = YES;
				ONLY_ACTIVE_ARCH = YES;
				SDKROOT = iphoneos;
				SWIFT_ACTIVE_COMPILATION_CONDITIONS = DEBUG;
				SWIFT_OPTIMIZATION_LEVEL = "-Onone";
			};
			name = Debug;
		};
		D840AF8926BA92A30030906A /* Release */ = {
			isa = XCBuildConfiguration;
			buildSettings = {
				ALWAYS_SEARCH_USER_PATHS = NO;
				CLANG_ANALYZER_NONNULL = YES;
				CLANG_ANALYZER_NUMBER_OBJECT_CONVERSION = YES_AGGRESSIVE;
				CLANG_CXX_LANGUAGE_STANDARD = "gnu++17";
				CLANG_CXX_LIBRARY = "libc++";
				CLANG_ENABLE_MODULES = YES;
				CLANG_ENABLE_OBJC_ARC = YES;
				CLANG_ENABLE_OBJC_WEAK = YES;
				CLANG_WARN_BLOCK_CAPTURE_AUTORELEASING = YES;
				CLANG_WARN_BOOL_CONVERSION = YES;
				CLANG_WARN_COMMA = YES;
				CLANG_WARN_CONSTANT_CONVERSION = YES;
				CLANG_WARN_DEPRECATED_OBJC_IMPLEMENTATIONS = YES;
				CLANG_WARN_DIRECT_OBJC_ISA_USAGE = YES_ERROR;
				CLANG_WARN_DOCUMENTATION_COMMENTS = YES;
				CLANG_WARN_EMPTY_BODY = YES;
				CLANG_WARN_ENUM_CONVERSION = YES;
				CLANG_WARN_INFINITE_RECURSION = YES;
				CLANG_WARN_INT_CONVERSION = YES;
				CLANG_WARN_NON_LITERAL_NULL_CONVERSION = YES;
				CLANG_WARN_OBJC_IMPLICIT_RETAIN_SELF = YES;
				CLANG_WARN_OBJC_LITERAL_CONVERSION = YES;
				CLANG_WARN_OBJC_ROOT_CLASS = YES_ERROR;
				CLANG_WARN_QUOTED_INCLUDE_IN_FRAMEWORK_HEADER = YES;
				CLANG_WARN_RANGE_LOOP_ANALYSIS = YES;
				CLANG_WARN_STRICT_PROTOTYPES = YES;
				CLANG_WARN_SUSPICIOUS_MOVE = YES;
				CLANG_WARN_UNGUARDED_AVAILABILITY = YES_AGGRESSIVE;
				CLANG_WARN_UNREACHABLE_CODE = YES;
				CLANG_WARN__DUPLICATE_METHOD_MATCH = YES;
				COPY_PHASE_STRIP = NO;
				DEBUG_INFORMATION_FORMAT = "dwarf-with-dsym";
				ENABLE_NS_ASSERTIONS = NO;
				ENABLE_STRICT_OBJC_MSGSEND = YES;
				GCC_C_LANGUAGE_STANDARD = gnu11;
				GCC_NO_COMMON_BLOCKS = YES;
				GCC_WARN_64_TO_32_BIT_CONVERSION = YES;
				GCC_WARN_ABOUT_RETURN_TYPE = YES_ERROR;
				GCC_WARN_UNDECLARED_SELECTOR = YES;
				GCC_WARN_UNINITIALIZED_AUTOS = YES_AGGRESSIVE;
				GCC_WARN_UNUSED_FUNCTION = YES;
				GCC_WARN_UNUSED_VARIABLE = YES;
				IPHONEOS_DEPLOYMENT_TARGET = 15.0;
				MTL_ENABLE_DEBUG_INFO = NO;
				MTL_FAST_MATH = YES;
				SDKROOT = iphoneos;
				SWIFT_COMPILATION_MODE = wholemodule;
				SWIFT_OPTIMIZATION_LEVEL = "-O";
				VALIDATE_PRODUCT = YES;
			};
			name = Release;
		};
		D840AF8B26BA92A30030906A /* Debug */ = {
			isa = XCBuildConfiguration;
			buildSettings = {
				ASSETCATALOG_COMPILER_APPICON_NAME = AppIcon;
				ASSETCATALOG_COMPILER_GLOBAL_ACCENT_COLOR_NAME = AccentColor;
				CODE_SIGN_STYLE = Automatic;
				CURRENT_PROJECT_VERSION = 1;
				GENERATE_INFOPLIST_FILE = YES;
				INFOPLIST_FILE = PencilKit/Info.plist;
				INFOPLIST_KEY_UIApplicationSupportsIndirectInputEvents = YES;
				INFOPLIST_KEY_UILaunchStoryboardName = LaunchScreen;
				INFOPLIST_KEY_UIMainStoryboardFile = Main;
				INFOPLIST_KEY_UISupportedInterfaceOrientations_iPad = "UIInterfaceOrientationPortrait UIInterfaceOrientationPortraitUpsideDown UIInterfaceOrientationLandscapeLeft UIInterfaceOrientationLandscapeRight";
				INFOPLIST_KEY_UISupportedInterfaceOrientations_iPhone = "UIInterfaceOrientationPortrait UIInterfaceOrientationLandscapeLeft UIInterfaceOrientationLandscapeRight";
				LD_RUNPATH_SEARCH_PATHS = (
					"$(inherited)",
					"@executable_path/Frameworks",
				);
				MARKETING_VERSION = 1.0;
				PRODUCT_BUNDLE_IDENTIFIER = ya.skazal.gorbatiy.PencilKit;
				PRODUCT_NAME = "$(TARGET_NAME)";
				SWIFT_EMIT_LOC_STRINGS = YES;
				SWIFT_VERSION = 5.0;
				TARGETED_DEVICE_FAMILY = "1,2";
			};
			name = Debug;
		};
		D840AF8C26BA92A30030906A /* Release */ = {
			isa = XCBuildConfiguration;
			buildSettings = {
				ASSETCATALOG_COMPILER_APPICON_NAME = AppIcon;
				ASSETCATALOG_COMPILER_GLOBAL_ACCENT_COLOR_NAME = AccentColor;
				CODE_SIGN_STYLE = Automatic;
				CURRENT_PROJECT_VERSION = 1;
				GENERATE_INFOPLIST_FILE = YES;
				INFOPLIST_FILE = PencilKit/Info.plist;
				INFOPLIST_KEY_UIApplicationSupportsIndirectInputEvents = YES;
				INFOPLIST_KEY_UILaunchStoryboardName = LaunchScreen;
				INFOPLIST_KEY_UIMainStoryboardFile = Main;
				INFOPLIST_KEY_UISupportedInterfaceOrientations_iPad = "UIInterfaceOrientationPortrait UIInterfaceOrientationPortraitUpsideDown UIInterfaceOrientationLandscapeLeft UIInterfaceOrientationLandscapeRight";
				INFOPLIST_KEY_UISupportedInterfaceOrientations_iPhone = "UIInterfaceOrientationPortrait UIInterfaceOrientationLandscapeLeft UIInterfaceOrientationLandscapeRight";
				LD_RUNPATH_SEARCH_PATHS = (
					"$(inherited)",
					"@executable_path/Frameworks",
				);
				MARKETING_VERSION = 1.0;
				PRODUCT_BUNDLE_IDENTIFIER = ya.skazal.gorbatiy.PencilKit;
				PRODUCT_NAME = "$(TARGET_NAME)";
				SWIFT_EMIT_LOC_STRINGS = YES;
				SWIFT_VERSION = 5.0;
				TARGETED_DEVICE_FAMILY = "1,2";
			};
			name = Release;
		};
/* End XCBuildConfiguration section */

/* Begin XCConfigurationList section */
		D840AF7126BA92A10030906A /* Build configuration list for PBXProject "PencilKit" */ = {
			isa = XCConfigurationList;
			buildConfigurations = (
				D840AF8826BA92A30030906A /* Debug */,
				D840AF8926BA92A30030906A /* Release */,
			);
			defaultConfigurationIsVisible = 0;
			defaultConfigurationName = Release;
		};
		D840AF8A26BA92A30030906A /* Build configuration list for PBXNativeTarget "PencilKit" */ = {
			isa = XCConfigurationList;
			buildConfigurations = (
				D840AF8B26BA92A30030906A /* Debug */,
				D840AF8C26BA92A30030906A /* Release */,
			);
			defaultConfigurationIsVisible = 0;
			defaultConfigurationName = Release;
		};
/* End XCConfigurationList section */
	};
	rootObject = D840AF6E26BA92A10030906A /* Project object */;
}
